# This file is generated by running "yarn install" inside your project.
# Manual changes might be lost - proceed with caution!

__metadata:
  version: 6
  cacheKey: 8

"4digiteth@workspace:.":
  version: 0.0.0-use.local
  resolution: "4digiteth@workspace:."
  dependencies:
    "@types/json2csv": ^5.0.3
    "@types/node": ^17.0.30
    commander: ^9.2.0
    ethcall: ^4.6.5
    ethers: ^5.6.4
    json2csv: ^5.0.7
    ts-node: ^10.7.0
    typescript: ^4.6.4
  languageName: unknown
  linkType: soft

"@cspotcode/source-map-consumer@npm:0.8.0":
  version: 0.8.0
  resolution: "@cspotcode/source-map-consumer@npm:0.8.0"
  checksum: c0c16ca3d2f58898f1bd74c4f41a189dbcc202e642e60e489cbcc2e52419c4e89bdead02c886a12fb13ea37798ede9e562b2321df997ebc210ae9bd881561b4e
  languageName: node
  linkType: hard

"@cspotcode/source-map-support@npm:0.7.0":
  version: 0.7.0
  resolution: "@cspotcode/source-map-support@npm:0.7.0"
  dependencies:
    "@cspotcode/source-map-consumer": 0.8.0
  checksum: 9faddda7757cd778b5fd6812137b2cc265810043680d6399acc20441668fafcdc874053be9dccd0d9110087287bfad27eb3bf342f72bceca9aa9059f5d0c4be8
  languageName: node
  linkType: hard

"@ethersproject/abi@npm:5.6.1, @ethersproject/abi@npm:^5.0.0, @ethersproject/abi@npm:^5.6.0":
  version: 5.6.1
  resolution: "@ethersproject/abi@npm:5.6.1"
  dependencies:
    "@ethersproject/address": ^5.6.0
    "@ethersproject/bignumber": ^5.6.0
    "@ethersproject/bytes": ^5.6.0
    "@ethersproject/constants": ^5.6.0
    "@ethersproject/hash": ^5.6.0
    "@ethersproject/keccak256": ^5.6.0
    "@ethersproject/logger": ^5.6.0
    "@ethersproject/properties": ^5.6.0
    "@ethersproject/strings": ^5.6.0
  checksum: 0545a874dc5bfe2fec63e472d269f9c6b22b8f9ea77f4c23b93d36a8652152171f1ae2681dc64ec8d46b69506967a5e99c8156dc1f74346eea48cb6b64a1fdc9
  languageName: node
  linkType: hard

"@ethersproject/abstract-provider@npm:5.6.0, @ethersproject/abstract-provider@npm:^5.6.0":
  version: 5.6.0
  resolution: "@ethersproject/abstract-provider@npm:5.6.0"
  dependencies:
    "@ethersproject/bignumber": ^5.6.0
    "@ethersproject/bytes": ^5.6.0
    "@ethersproject/logger": ^5.6.0
    "@ethersproject/networks": ^5.6.0
    "@ethersproject/properties": ^5.6.0
    "@ethersproject/transactions": ^5.6.0
    "@ethersproject/web": ^5.6.0
  checksum: 42ec4148217f7643f667f46235266100a1b31b8e87b6d540b6e8667703f56f633d25ec2e5d9b0f95556de0d0620189488e9d77dafc058c61e45872fef620ac5a
  languageName: node
  linkType: hard

"@ethersproject/abstract-signer@npm:5.6.0, @ethersproject/abstract-signer@npm:^5.6.0":
  version: 5.6.0
  resolution: "@ethersproject/abstract-signer@npm:5.6.0"
  dependencies:
    "@ethersproject/abstract-provider": ^5.6.0
    "@ethersproject/bignumber": ^5.6.0
    "@ethersproject/bytes": ^5.6.0
    "@ethersproject/logger": ^5.6.0
    "@ethersproject/properties": ^5.6.0
  checksum: 91722f3ad449da1a26898132b53e0130deac19ab8dbef55c5fd3c6d2b9ddb0428f539021c9b7085f3fc5e8615bdf1fddcbe4f6c5365f6b6cfd5d3952816d27b7
  languageName: node
  linkType: hard

"@ethersproject/address@npm:5.6.0, @ethersproject/address@npm:^5.6.0":
  version: 5.6.0
  resolution: "@ethersproject/address@npm:5.6.0"
  dependencies:
    "@ethersproject/bignumber": ^5.6.0
    "@ethersproject/bytes": ^5.6.0
    "@ethersproject/keccak256": ^5.6.0
    "@ethersproject/logger": ^5.6.0
    "@ethersproject/rlp": ^5.6.0
  checksum: 504cddd422ec9890eda61da0421991ace7c5cd9f365cbc9761305013621915dc5ff5247f4b04699b7060fc272a7a8c9dc88f993bc6fa6e0f6e9e4fa30d6f3c0f
  languageName: node
  linkType: hard

"@ethersproject/base64@npm:5.6.0, @ethersproject/base64@npm:^5.6.0":
  version: 5.6.0
  resolution: "@ethersproject/base64@npm:5.6.0"
  dependencies:
    "@ethersproject/bytes": ^5.6.0
  checksum: 5f316367acf18fdba82d50868171251f75218740a1c9bad8b11c6c3372c86ae323f91bc6727e78e527866357974d19fcced12f666fb067ffba2be638d54d36f7
  languageName: node
  linkType: hard

"@ethersproject/basex@npm:5.6.0, @ethersproject/basex@npm:^5.6.0":
  version: 5.6.0
  resolution: "@ethersproject/basex@npm:5.6.0"
  dependencies:
    "@ethersproject/bytes": ^5.6.0
    "@ethersproject/properties": ^5.6.0
  checksum: 144bb1d500ffd111045aee376ee86cacba6bc0b4169941f5532c3598aaa7590db0679793f4a6572585fae91a5e2200e0b8c782b155855138654aa6917527c975
  languageName: node
  linkType: hard

"@ethersproject/bignumber@npm:5.6.0, @ethersproject/bignumber@npm:^5.6.0":
  version: 5.6.0
  resolution: "@ethersproject/bignumber@npm:5.6.0"
  dependencies:
    "@ethersproject/bytes": ^5.6.0
    "@ethersproject/logger": ^5.6.0
    bn.js: ^4.11.9
  checksum: cb1e0d712a1d991d7c74c66d34522413a2fd832e10bc15158b24e07f61e80a221689947936790334137c11c582f3f4d184d3ccf3036e09e4df1b2026923962b4
  languageName: node
  linkType: hard

"@ethersproject/bytes@npm:5.6.1, @ethersproject/bytes@npm:^5.0.0, @ethersproject/bytes@npm:^5.6.0":
  version: 5.6.1
  resolution: "@ethersproject/bytes@npm:5.6.1"
  dependencies:
    "@ethersproject/logger": ^5.6.0
  checksum: d06ffe3bf12aa8a6588d99b82e40b46a2cbb8b057fc650aad836e3e8c95d4559773254eeeb8fed652066dcf8082e527e37cd2b9fff7ac8cabc4de7c49459a7eb
  languageName: node
  linkType: hard

"@ethersproject/constants@npm:5.6.0, @ethersproject/constants@npm:^5.6.0":
  version: 5.6.0
  resolution: "@ethersproject/constants@npm:5.6.0"
  dependencies:
    "@ethersproject/bignumber": ^5.6.0
  checksum: da54458a0133b64c02052b86fefa6118ed88c449b02a61ba57745bf08029658214291935b0500461bde3f734ea98e6d8edc586eed9ce9fa7e6a16d9397716ff7
  languageName: node
  linkType: hard

"@ethersproject/contracts@npm:5.6.0, @ethersproject/contracts@npm:^5.0.0":
  version: 5.6.0
  resolution: "@ethersproject/contracts@npm:5.6.0"
  dependencies:
    "@ethersproject/abi": ^5.6.0
    "@ethersproject/abstract-provider": ^5.6.0
    "@ethersproject/abstract-signer": ^5.6.0
    "@ethersproject/address": ^5.6.0
    "@ethersproject/bignumber": ^5.6.0
    "@ethersproject/bytes": ^5.6.0
    "@ethersproject/constants": ^5.6.0
    "@ethersproject/logger": ^5.6.0
    "@ethersproject/properties": ^5.6.0
    "@ethersproject/transactions": ^5.6.0
  checksum: 9b149da295f0c063252185b94a907bbb3af2faac5a464947bca383a620b9cf8a4faa0e742c16d37a89d262547c645609ab91fbf87266a9e50ad4c17e65569e0d
  languageName: node
  linkType: hard

"@ethersproject/hash@npm:5.6.0, @ethersproject/hash@npm:^5.6.0":
  version: 5.6.0
  resolution: "@ethersproject/hash@npm:5.6.0"
  dependencies:
    "@ethersproject/abstract-signer": ^5.6.0
    "@ethersproject/address": ^5.6.0
    "@ethersproject/bignumber": ^5.6.0
    "@ethersproject/bytes": ^5.6.0
    "@ethersproject/keccak256": ^5.6.0
    "@ethersproject/logger": ^5.6.0
    "@ethersproject/properties": ^5.6.0
    "@ethersproject/strings": ^5.6.0
  checksum: 7a3b9180963765fff1a307adeb2138219d1585fc979ee2d14888739102ae2b223759cf456a88da554b4043475ec459d3a8dd67a844e39a896f0584c5a9556a06
  languageName: node
  linkType: hard

"@ethersproject/hdnode@npm:5.6.0, @ethersproject/hdnode@npm:^5.6.0":
  version: 5.6.0
  resolution: "@ethersproject/hdnode@npm:5.6.0"
  dependencies:
    "@ethersproject/abstract-signer": ^5.6.0
    "@ethersproject/basex": ^5.6.0
    "@ethersproject/bignumber": ^5.6.0
    "@ethersproject/bytes": ^5.6.0
    "@ethersproject/logger": ^5.6.0
    "@ethersproject/pbkdf2": ^5.6.0
    "@ethersproject/properties": ^5.6.0
    "@ethersproject/sha2": ^5.6.0
    "@ethersproject/signing-key": ^5.6.0
    "@ethersproject/strings": ^5.6.0
    "@ethersproject/transactions": ^5.6.0
    "@ethersproject/wordlists": ^5.6.0
  checksum: 399919d8d43ed18e2ebfa7b9c1fab469d817d2146187b4a12eaa76508b8ec95ec80d1d64048831b7cbd7f7163b35fb13f8c26a1fe078319f7365d74e23c1c117
  languageName: node
  linkType: hard

"@ethersproject/json-wallets@npm:5.6.0, @ethersproject/json-wallets@npm:^5.6.0":
  version: 5.6.0
  resolution: "@ethersproject/json-wallets@npm:5.6.0"
  dependencies:
    "@ethersproject/abstract-signer": ^5.6.0
    "@ethersproject/address": ^5.6.0
    "@ethersproject/bytes": ^5.6.0
    "@ethersproject/hdnode": ^5.6.0
    "@ethersproject/keccak256": ^5.6.0
    "@ethersproject/logger": ^5.6.0
    "@ethersproject/pbkdf2": ^5.6.0
    "@ethersproject/properties": ^5.6.0
    "@ethersproject/random": ^5.6.0
    "@ethersproject/strings": ^5.6.0
    "@ethersproject/transactions": ^5.6.0
    aes-js: 3.0.0
    scrypt-js: 3.0.1
  checksum: 8dda507745736bf37708af93df72727b4f375ff0f548e9496a39725fee5618955b3c4ce4850e667eca8b5b8576face747bb79be2f49a445b3228f99456675d3d
  languageName: node
  linkType: hard

"@ethersproject/keccak256@npm:5.6.0, @ethersproject/keccak256@npm:^5.0.0, @ethersproject/keccak256@npm:^5.6.0":
  version: 5.6.0
  resolution: "@ethersproject/keccak256@npm:5.6.0"
  dependencies:
    "@ethersproject/bytes": ^5.6.0
    js-sha3: 0.8.0
  checksum: 8683ee5c665ae23c9e1a46be4efb9f208f256abc1885844ec653452ad6dd58d08e5df0d78fc01eef33dc10bca38e27a94390b71a86fae666ef7eddf49860e047
  languageName: node
  linkType: hard

"@ethersproject/logger@npm:5.6.0, @ethersproject/logger@npm:^5.6.0":
  version: 5.6.0
  resolution: "@ethersproject/logger@npm:5.6.0"
  checksum: 6eee38a973c7a458552278971c109a3e5df3c257e433cb959da9a287ea04628d1f510d41b83bd5f9da5ddc05d97d307ed2162a9ba1b4fcc50664e4f60061636c
  languageName: node
  linkType: hard

"@ethersproject/networks@npm:5.6.2, @ethersproject/networks@npm:^5.6.0":
  version: 5.6.2
  resolution: "@ethersproject/networks@npm:5.6.2"
  dependencies:
    "@ethersproject/logger": ^5.6.0
  checksum: 3326a2d4accee41c9e93bdd3ae51db2319edd4eb9f7aca16e251261157b3940806fe837e9082f28f126164d9bb7583083c6be9493e7073d25289d3e7802c6873
  languageName: node
  linkType: hard

"@ethersproject/pbkdf2@npm:5.6.0, @ethersproject/pbkdf2@npm:^5.6.0":
  version: 5.6.0
  resolution: "@ethersproject/pbkdf2@npm:5.6.0"
  dependencies:
    "@ethersproject/bytes": ^5.6.0
    "@ethersproject/sha2": ^5.6.0
  checksum: 7d70b46f39373a07abb5512f38ce2c9f3e05640a07c658b584909e22d51c8c47882396427b9ab6ce80a1aa3f2074fd0a2aa6ac03290e2d7505089aa5ebccb55c
  languageName: node
  linkType: hard

"@ethersproject/properties@npm:5.6.0, @ethersproject/properties@npm:^5.6.0":
  version: 5.6.0
  resolution: "@ethersproject/properties@npm:5.6.0"
  dependencies:
    "@ethersproject/logger": ^5.6.0
  checksum: adcb6a843dcdf809262d77d6fbe52acdd48703327b298f78e698b76784e89564fb81791d27eaee72b1a6aaaf5688ea2ae7a95faabdef8b4aecc99989fec55901
  languageName: node
  linkType: hard

"@ethersproject/providers@npm:5.6.4, @ethersproject/providers@npm:^5.0.0":
  version: 5.6.4
  resolution: "@ethersproject/providers@npm:5.6.4"
  dependencies:
    "@ethersproject/abstract-provider": ^5.6.0
    "@ethersproject/abstract-signer": ^5.6.0
    "@ethersproject/address": ^5.6.0
    "@ethersproject/basex": ^5.6.0
    "@ethersproject/bignumber": ^5.6.0
    "@ethersproject/bytes": ^5.6.0
    "@ethersproject/constants": ^5.6.0
    "@ethersproject/hash": ^5.6.0
    "@ethersproject/logger": ^5.6.0
    "@ethersproject/networks": ^5.6.0
    "@ethersproject/properties": ^5.6.0
    "@ethersproject/random": ^5.6.0
    "@ethersproject/rlp": ^5.6.0
    "@ethersproject/sha2": ^5.6.0
    "@ethersproject/strings": ^5.6.0
    "@ethersproject/transactions": ^5.6.0
    "@ethersproject/web": ^5.6.0
    bech32: 1.1.4
    ws: 7.4.6
  checksum: 75ec09bbff5c7b8b9372fd7e35b11da1262ae5b16601beb27a028e3ac9332502765540fd9a07971b843aafb54a145e0a7c6a2f28ed97a5707be83d144a97e0f7
  languageName: node
  linkType: hard

"@ethersproject/random@npm:5.6.0, @ethersproject/random@npm:^5.6.0":
  version: 5.6.0
  resolution: "@ethersproject/random@npm:5.6.0"
  dependencies:
    "@ethersproject/bytes": ^5.6.0
    "@ethersproject/logger": ^5.6.0
  checksum: 0d21ce97503f2764b01402093ba73afec69d2631611fe0bda35690e1e2aea0eda39f32dc868123c87505cf5e0618dd32c4aed933203d8011e234889e455212b3
  languageName: node
  linkType: hard

"@ethersproject/rlp@npm:5.6.0, @ethersproject/rlp@npm:^5.6.0":
  version: 5.6.0
  resolution: "@ethersproject/rlp@npm:5.6.0"
  dependencies:
    "@ethersproject/bytes": ^5.6.0
    "@ethersproject/logger": ^5.6.0
  checksum: 3697871cec540e3bf3fd7a6a65ef3e5ca223f684ac928ecf028619eee251c6c5427b02493c152f057f5e9b07ea216d24f807ec84e5df80414511f8aff5505359
  languageName: node
  linkType: hard

"@ethersproject/sha2@npm:5.6.0, @ethersproject/sha2@npm:^5.6.0":
  version: 5.6.0
  resolution: "@ethersproject/sha2@npm:5.6.0"
  dependencies:
    "@ethersproject/bytes": ^5.6.0
    "@ethersproject/logger": ^5.6.0
    hash.js: 1.1.7
  checksum: 8f424f52720e9127e015afca948412289f97444bc9c3e38c06a43fb1635aa29a7e98976ee4dab7044ba51b25836092377c0691ccbcae6fe7349ca38ca3ab8d80
  languageName: node
  linkType: hard

"@ethersproject/signing-key@npm:5.6.0, @ethersproject/signing-key@npm:^5.6.0":
  version: 5.6.0
  resolution: "@ethersproject/signing-key@npm:5.6.0"
  dependencies:
    "@ethersproject/bytes": ^5.6.0
    "@ethersproject/logger": ^5.6.0
    "@ethersproject/properties": ^5.6.0
    bn.js: ^4.11.9
    elliptic: 6.5.4
    hash.js: 1.1.7
  checksum: c61118ff1ff89560da59cf77ca6553762e94b9d2757542be15dcf7eb4962327faede941d8461272afb8550cc2e28d38e7e89d199650ebae07a596df3c2059e08
  languageName: node
  linkType: hard

"@ethersproject/solidity@npm:5.6.0":
  version: 5.6.0
  resolution: "@ethersproject/solidity@npm:5.6.0"
  dependencies:
    "@ethersproject/bignumber": ^5.6.0
    "@ethersproject/bytes": ^5.6.0
    "@ethersproject/keccak256": ^5.6.0
    "@ethersproject/logger": ^5.6.0
    "@ethersproject/sha2": ^5.6.0
    "@ethersproject/strings": ^5.6.0
  checksum: e23475603167291b0589cc7d1187e45f3bc5042de958153503e7a259a5d1677ce336d5cdb570805529e50d0bb5b9ade6ce6c0553ec7ea7bed5ecae603262701d
  languageName: node
  linkType: hard

"@ethersproject/strings@npm:5.6.0, @ethersproject/strings@npm:^5.0.0, @ethersproject/strings@npm:^5.6.0":
  version: 5.6.0
  resolution: "@ethersproject/strings@npm:5.6.0"
  dependencies:
    "@ethersproject/bytes": ^5.6.0
    "@ethersproject/constants": ^5.6.0
    "@ethersproject/logger": ^5.6.0
  checksum: 0b69bdd2c2767049599e1b6bbf34782166a1b901fd00a09b2dab0f4a92a6a1e85bb28d498f40f138a68baf62714831b6398e170358c861b4b1e54bfac375b655
  languageName: node
  linkType: hard

"@ethersproject/transactions@npm:5.6.0, @ethersproject/transactions@npm:^5.6.0":
  version: 5.6.0
  resolution: "@ethersproject/transactions@npm:5.6.0"
  dependencies:
    "@ethersproject/address": ^5.6.0
    "@ethersproject/bignumber": ^5.6.0
    "@ethersproject/bytes": ^5.6.0
    "@ethersproject/constants": ^5.6.0
    "@ethersproject/keccak256": ^5.6.0
    "@ethersproject/logger": ^5.6.0
    "@ethersproject/properties": ^5.6.0
    "@ethersproject/rlp": ^5.6.0
    "@ethersproject/signing-key": ^5.6.0
  checksum: b01a3a9ce1e2d945825adbecfc71b992293e0274b77caf2c0b3c45bb76919ce64aa888a5705e6745a84448c50fc4eb58ff5e0ad11c37b1aae33c7a7d3b8af883
  languageName: node
  linkType: hard

"@ethersproject/units@npm:5.6.0":
  version: 5.6.0
  resolution: "@ethersproject/units@npm:5.6.0"
  dependencies:
    "@ethersproject/bignumber": ^5.6.0
    "@ethersproject/constants": ^5.6.0
    "@ethersproject/logger": ^5.6.0
  checksum: 4bca3d4797de2f204d6c23f64e417f60580008139067cf971ff0da3c03c20921f006933a6ae035b53df0e2522f8f999596dcd9df385b22b4b6f9479409f46b13
  languageName: node
  linkType: hard

"@ethersproject/wallet@npm:5.6.0":
  version: 5.6.0
  resolution: "@ethersproject/wallet@npm:5.6.0"
  dependencies:
    "@ethersproject/abstract-provider": ^5.6.0
    "@ethersproject/abstract-signer": ^5.6.0
    "@ethersproject/address": ^5.6.0
    "@ethersproject/bignumber": ^5.6.0
    "@ethersproject/bytes": ^5.6.0
    "@ethersproject/hash": ^5.6.0
    "@ethersproject/hdnode": ^5.6.0
    "@ethersproject/json-wallets": ^5.6.0
    "@ethersproject/keccak256": ^5.6.0
    "@ethersproject/logger": ^5.6.0
    "@ethersproject/properties": ^5.6.0
    "@ethersproject/random": ^5.6.0
    "@ethersproject/signing-key": ^5.6.0
    "@ethersproject/transactions": ^5.6.0
    "@ethersproject/wordlists": ^5.6.0
  checksum: 2e0900f136ffd0418a161d708116d6b966596c001a7f55861ceeea28282ce6ad61180cce24589c9b4df001d096352d57128a401edfc613af9daed3724b2a0ec9
  languageName: node
  linkType: hard

"@ethersproject/web@npm:5.6.0, @ethersproject/web@npm:^5.6.0":
  version: 5.6.0
  resolution: "@ethersproject/web@npm:5.6.0"
  dependencies:
    "@ethersproject/base64": ^5.6.0
    "@ethersproject/bytes": ^5.6.0
    "@ethersproject/logger": ^5.6.0
    "@ethersproject/properties": ^5.6.0
    "@ethersproject/strings": ^5.6.0
  checksum: 42b6e71658393e5abf8341c6bea0deb22cc744b4d22b3a979ed876bc772723b800c18e5180e223f77c47fb045828ef16ba5a01e8dd346474cf430533d1f053bc
  languageName: node
  linkType: hard

"@ethersproject/wordlists@npm:5.6.0, @ethersproject/wordlists@npm:^5.6.0":
  version: 5.6.0
  resolution: "@ethersproject/wordlists@npm:5.6.0"
  dependencies:
    "@ethersproject/bytes": ^5.6.0
    "@ethersproject/hash": ^5.6.0
    "@ethersproject/logger": ^5.6.0
    "@ethersproject/properties": ^5.6.0
    "@ethersproject/strings": ^5.6.0
  checksum: 648d948d884aff09cfc11f1db404fff0489a49d50f4d878f2dbda14e02214c24e2e2efec7a3215929a5e433232413c435e41d47f2f405a46408cfd79c7f2ae78
  languageName: node
  linkType: hard

"@tsconfig/node10@npm:^1.0.7":
  version: 1.0.8
  resolution: "@tsconfig/node10@npm:1.0.8"
  checksum: b8d5fffbc6b17ef64ef74f7fdbccee02a809a063ade785c3648dae59406bc207f70ea2c4296f92749b33019fa36a5ae716e42e49cc7f1bbf0fd147be0d6b970a
  languageName: node
  linkType: hard

"@tsconfig/node12@npm:^1.0.7":
  version: 1.0.9
  resolution: "@tsconfig/node12@npm:1.0.9"
  checksum: a01b2400ab3582b86b589c6d31dcd0c0656f333adecde85d6d7d4086adb059808b82692380bb169546d189bf771ae21d02544a75b57bd6da4a5dd95f8567bec9
  languageName: node
  linkType: hard

"@tsconfig/node14@npm:^1.0.0":
  version: 1.0.1
  resolution: "@tsconfig/node14@npm:1.0.1"
  checksum: 976345e896c0f059867f94f8d0f6ddb8b1844fb62bf36b727de8a9a68f024857e5db97ed51d3325e23e0616a5e48c034ff51a8d595b3fe7e955f3587540489be
  languageName: node
  linkType: hard

"@tsconfig/node16@npm:^1.0.2":
  version: 1.0.2
  resolution: "@tsconfig/node16@npm:1.0.2"
  checksum: ca94d3639714672bbfd55f03521d3f56bb6a25479bd425da81faf21f13e1e9d15f40f97377dedbbf477a5841c5b0c8f4cd1b391f33553d750b9202c54c2c07aa
  languageName: node
  linkType: hard

"@types/json2csv@npm:^5.0.3":
  version: 5.0.3
  resolution: "@types/json2csv@npm:5.0.3"
  dependencies:
    "@types/node": "*"
  checksum: 7a9faf4a7ec0fb488cf953ba18aea1e48fb586476e7aa9d8c6d03860b729a508cfe836170c90f3ba3656d9621df95a264bf0452f69771e8df06d1ce221980533
  languageName: node
  linkType: hard

"@types/node@npm:*, @types/node@npm:^17.0.30":
  version: 17.0.30
  resolution: "@types/node@npm:17.0.30"
  checksum: b3cd2db6474aae3ddac5a312f340f6e4ca200429371e62cb74698fe7f23d7414d0200f643204ddfaa797846328539359e3797d7f2baaf3cdd643b159cf53baa6
  languageName: node
  linkType: hard

"@types/node@npm:^16.0.0":
  version: 16.11.32
  resolution: "@types/node@npm:16.11.32"
  checksum: 21f1bcd4f47a443f8a78a58b6ca3488dd9418c71b1185ba067d02222047fb194a3bfba244c32259bcb0cae4d55870b43a908b1f2832ec4aa4f31158f809625fe
  languageName: node
  linkType: hard

"abi-coder@npm:^2.1.0":
  version: 2.1.0
  resolution: "abi-coder@npm:2.1.0"
  dependencies:
    "@ethersproject/abi": ^5.0.0
    "@ethersproject/keccak256": ^5.0.0
    "@ethersproject/strings": ^5.0.0
  checksum: c69623af53256db8344b5305e1793ee910ed593049cdda5dc4131159991dfd150fcbe2d07704d83498342bdcfbc737d53ba38284d6994653c693b5ad4d1557bf
  languageName: node
  linkType: hard

"acorn-walk@npm:^8.1.1":
  version: 8.2.0
  resolution: "acorn-walk@npm:8.2.0"
  checksum: 1715e76c01dd7b2d4ca472f9c58968516a4899378a63ad5b6c2d668bba8da21a71976c14ec5f5b75f887b6317c4ae0b897ab141c831d741dc76024d8745f1ad1
  languageName: node
  linkType: hard

"acorn@npm:^8.4.1":
  version: 8.7.1
  resolution: "acorn@npm:8.7.1"
  bin:
    acorn: bin/acorn
  checksum: aca0aabf98826717920ac2583fdcad0a6fbe4e583fdb6e843af2594e907455aeafe30b1e14f1757cd83ce1776773cf8296ffc3a4acf13f0bd3dfebcf1db6ae80
  languageName: node
  linkType: hard

"aes-js@npm:3.0.0":
  version: 3.0.0
  resolution: "aes-js@npm:3.0.0"
  checksum: 251e26d533cd1a915b44896b17d5ed68c24a02484cfdd2e74ec700a309267db96651ea4eb657bf20aac32a3baa61f6e34edf8e2fec2de440a655da9942d334b8
  languageName: node
  linkType: hard

"arg@npm:^4.1.0":
  version: 4.1.3
  resolution: "arg@npm:4.1.3"
  checksum: 544af8dd3f60546d3e4aff084d451b96961d2267d668670199692f8d054f0415d86fc5497d0e641e91546f0aa920e7c29e5250e99fc89f5552a34b5d93b77f43
  languageName: node
  linkType: hard

"bech32@npm:1.1.4":
  version: 1.1.4
  resolution: "bech32@npm:1.1.4"
  checksum: 0e98db619191548390d6f09ff68b0253ba7ae6a55db93dfdbb070ba234c1fd3308c0606fbcc95fad50437227b10011e2698b89f0181f6e7f845c499bd14d0f4b
  languageName: node
  linkType: hard

"bn.js@npm:^4.11.9":
  version: 4.12.0
  resolution: "bn.js@npm:4.12.0"
  checksum: 39afb4f15f4ea537b55eaf1446c896af28ac948fdcf47171961475724d1bb65118cca49fa6e3d67706e4790955ec0e74de584e45c8f1ef89f46c812bee5b5a12
  languageName: node
  linkType: hard

"brorand@npm:^1.1.0":
  version: 1.1.0
  resolution: "brorand@npm:1.1.0"
  checksum: 8a05c9f3c4b46572dec6ef71012b1946db6cae8c7bb60ccd4b7dd5a84655db49fe043ecc6272e7ef1f69dc53d6730b9e2a3a03a8310509a3d797a618cbee52be
  languageName: node
  linkType: hard

"commander@npm:^6.1.0":
  version: 6.2.1
  resolution: "commander@npm:6.2.1"
  checksum: d7090410c0de6bc5c67d3ca41c41760d6d268f3c799e530aafb73b7437d1826bbf0d2a3edac33f8b57cc9887b4a986dce307fa5557e109be40eadb7c43b21742
  languageName: node
  linkType: hard

"commander@npm:^9.2.0":
  version: 9.2.0
  resolution: "commander@npm:9.2.0"
  checksum: 7c82e4cd969712aa6d7c055b8351807a7230f9f31ef7ec7881e11a1147511de85adf5d6ccfd200240a118eecf693b220caf6865b8efbcea558a70d35aa9ed711
  languageName: node
  linkType: hard

"create-require@npm:^1.1.0":
  version: 1.1.1
  resolution: "create-require@npm:1.1.1"
  checksum: a9a1503d4390d8b59ad86f4607de7870b39cad43d929813599a23714831e81c520bddf61bcdd1f8e30f05fd3a2b71ae8538e946eb2786dc65c2bbc520f692eff
  languageName: node
  linkType: hard

"diff@npm:^4.0.1":
  version: 4.0.2
  resolution: "diff@npm:4.0.2"
  checksum: f2c09b0ce4e6b301c221addd83bf3f454c0bc00caa3dd837cf6c127d6edf7223aa2bbe3b688feea110b7f262adbfc845b757c44c8a9f8c0c5b15d8fa9ce9d20d
  languageName: node
  linkType: hard

"elliptic@npm:6.5.4":
  version: 6.5.4
  resolution: "elliptic@npm:6.5.4"
  dependencies:
    bn.js: ^4.11.9
    brorand: ^1.1.0
    hash.js: ^1.0.0
    hmac-drbg: ^1.0.1
    inherits: ^2.0.4
    minimalistic-assert: ^1.0.1
    minimalistic-crypto-utils: ^1.0.1
  checksum: d56d21fd04e97869f7ffcc92e18903b9f67f2d4637a23c860492fbbff5a3155fd9ca0184ce0c865dd6eb2487d234ce9551335c021c376cd2d3b7cb749c7d10f4
  languageName: node
  linkType: hard

"ethcall@npm:^4.6.5":
  version: 4.6.5
  resolution: "ethcall@npm:4.6.5"
  dependencies:
    "@ethersproject/abi": ^5.0.0
    "@ethersproject/bytes": ^5.0.0
    "@ethersproject/contracts": ^5.0.0
    "@ethersproject/providers": ^5.0.0
    "@types/node": ^16.0.0
    abi-coder: ^2.1.0
  checksum: 839ef3412ac39f381c98cee8f8d57c6883898fefe0606fd10e349d85aea98e0ce1363f0d275bfd7468b38d4718011285ab9e84eac04d451de4af21d85e99be77
  languageName: node
  linkType: hard

"ethers@npm:^5.6.4":
  version: 5.6.4
  resolution: "ethers@npm:5.6.4"
  dependencies:
    "@ethersproject/abi": 5.6.1
    "@ethersproject/abstract-provider": 5.6.0
    "@ethersproject/abstract-signer": 5.6.0
    "@ethersproject/address": 5.6.0
    "@ethersproject/base64": 5.6.0
    "@ethersproject/basex": 5.6.0
    "@ethersproject/bignumber": 5.6.0
    "@ethersproject/bytes": 5.6.1
    "@ethersproject/constants": 5.6.0
    "@ethersproject/contracts": 5.6.0
    "@ethersproject/hash": 5.6.0
    "@ethersproject/hdnode": 5.6.0
    "@ethersproject/json-wallets": 5.6.0
    "@ethersproject/keccak256": 5.6.0
    "@ethersproject/logger": 5.6.0
    "@ethersproject/networks": 5.6.2
    "@ethersproject/pbkdf2": 5.6.0
    "@ethersproject/properties": 5.6.0
    "@ethersproject/providers": 5.6.4
    "@ethersproject/random": 5.6.0
    "@ethersproject/rlp": 5.6.0
    "@ethersproject/sha2": 5.6.0
    "@ethersproject/signing-key": 5.6.0
    "@ethersproject/solidity": 5.6.0
    "@ethersproject/strings": 5.6.0
    "@ethersproject/transactions": 5.6.0
    "@ethersproject/units": 5.6.0
    "@ethersproject/wallet": 5.6.0
    "@ethersproject/web": 5.6.0
    "@ethersproject/wordlists": 5.6.0
  checksum: 2d3a10823a0e83c692f59ad513572fb17f0924941c18d512929dae3bfe1e3aa1d4c77d7547eb993fb4363a73c0d06195580d109a38382e802b96264e7b21f583
  languageName: node
  linkType: hard

"hash.js@npm:1.1.7, hash.js@npm:^1.0.0, hash.js@npm:^1.0.3":
  version: 1.1.7
  resolution: "hash.js@npm:1.1.7"
  dependencies:
    inherits: ^2.0.3
    minimalistic-assert: ^1.0.1
  checksum: e350096e659c62422b85fa508e4b3669017311aa4c49b74f19f8e1bc7f3a54a584fdfd45326d4964d6011f2b2d882e38bea775a96046f2a61b7779a979629d8f
  languageName: node
  linkType: hard

"hmac-drbg@npm:^1.0.1":
  version: 1.0.1
  resolution: "hmac-drbg@npm:1.0.1"
  dependencies:
    hash.js: ^1.0.3
    minimalistic-assert: ^1.0.0
    minimalistic-crypto-utils: ^1.0.1
  checksum: bd30b6a68d7f22d63f10e1888aee497d7c2c5c0bb469e66bbdac99f143904d1dfe95f8131f95b3e86c86dd239963c9d972fcbe147e7cffa00e55d18585c43fe0
  languageName: node
  linkType: hard

"inherits@npm:^2.0.3, inherits@npm:^2.0.4":
  version: 2.0.4
  resolution: "inherits@npm:2.0.4"
  checksum: 4a48a733847879d6cf6691860a6b1e3f0f4754176e4d71494c41f3475553768b10f84b5ce1d40fbd0e34e6bfbb864ee35858ad4dd2cf31e02fc4a154b724d7f1
  languageName: node
  linkType: hard

"js-sha3@npm:0.8.0":
  version: 0.8.0
  resolution: "js-sha3@npm:0.8.0"
  checksum: 75df77c1fc266973f06cce8309ce010e9e9f07ec35ab12022ed29b7f0d9c8757f5a73e1b35aa24840dced0dea7059085aa143d817aea9e188e2a80d569d9adce
  languageName: node
  linkType: hard

"json2csv@npm:^5.0.7":
  version: 5.0.7
  resolution: "json2csv@npm:5.0.7"
  dependencies:
    commander: ^6.1.0
    jsonparse: ^1.3.1
    lodash.get: ^4.4.2
  bin:
    json2csv: bin/json2csv.js
  checksum: 81b511e4f5abba1dcda90593c193d15e5f05f1def91377b6289536e31fdb629889da6a2b4612b9ff699116a29b1758d20c0d71f7921fcfb09863da5b2d883139
  languageName: node
  linkType: hard

"jsonparse@npm:^1.3.1":
  version: 1.3.1
  resolution: "jsonparse@npm:1.3.1"
  checksum: 6514a7be4674ebf407afca0eda3ba284b69b07f9958a8d3113ef1005f7ec610860c312be067e450c569aab8b89635e332cee3696789c750692bb60daba627f4d
  languageName: node
  linkType: hard

"lodash.get@npm:^4.4.2":
  version: 4.4.2
  resolution: "lodash.get@npm:4.4.2"
  checksum: e403047ddb03181c9d0e92df9556570e2b67e0f0a930fcbbbd779370972368f5568e914f913e93f3b08f6d492abc71e14d4e9b7a18916c31fa04bd2306efe545
  languageName: node
  linkType: hard

"make-error@npm:^1.1.1":
  version: 1.3.6
  resolution: "make-error@npm:1.3.6"
  checksum: b86e5e0e25f7f777b77fabd8e2cbf15737972869d852a22b7e73c17623928fccb826d8e46b9951501d3f20e51ad74ba8c59ed584f610526a48f8ccf88aaec402
  languageName: node
  linkType: hard

"minimalistic-assert@npm:^1.0.0, minimalistic-assert@npm:^1.0.1":
  version: 1.0.1
  resolution: "minimalistic-assert@npm:1.0.1"
  checksum: cc7974a9268fbf130fb055aff76700d7e2d8be5f761fb5c60318d0ed010d839ab3661a533ad29a5d37653133385204c503bfac995aaa4236f4e847461ea32ba7
  languageName: node
  linkType: hard

"minimalistic-crypto-utils@npm:^1.0.1":
  version: 1.0.1
  resolution: "minimalistic-crypto-utils@npm:1.0.1"
  checksum: 6e8a0422b30039406efd4c440829ea8f988845db02a3299f372fceba56ffa94994a9c0f2fd70c17f9969eedfbd72f34b5070ead9656a34d3f71c0bd72583a0ed
  languageName: node
  linkType: hard

"scrypt-js@npm:3.0.1":
  version: 3.0.1
  resolution: "scrypt-js@npm:3.0.1"
  checksum: b7c7d1a68d6ca946f2fbb0778e0c4ec63c65501b54023b2af7d7e9f48fdb6c6580d6f7675cd53bda5944c5ebc057560d5a6365079752546865defb3b79dea454
  languageName: node
  linkType: hard

"ts-node@npm:^10.7.0":
  version: 10.7.0
  resolution: "ts-node@npm:10.7.0"
  dependencies:
    "@cspotcode/source-map-support": 0.7.0
    "@tsconfig/node10": ^1.0.7
    "@tsconfig/node12": ^1.0.7
    "@tsconfig/node14": ^1.0.0
    "@tsconfig/node16": ^1.0.2
    acorn: ^8.4.1
    acorn-walk: ^8.1.1
    arg: ^4.1.0
    create-require: ^1.1.0
    diff: ^4.0.1
    make-error: ^1.1.1
    v8-compile-cache-lib: ^3.0.0
    yn: 3.1.1
  peerDependencies:
    "@swc/core": ">=1.2.50"
    "@swc/wasm": ">=1.2.50"
    "@types/node": "*"
    typescript: ">=2.7"
  peerDependenciesMeta:
    "@swc/core":
      optional: true
    "@swc/wasm":
      optional: true
  bin:
    ts-node: dist/bin.js
    ts-node-cwd: dist/bin-cwd.js
    ts-node-esm: dist/bin-esm.js
    ts-node-script: dist/bin-script.js
    ts-node-transpile-only: dist/bin-transpile.js
    ts-script: dist/bin-script-deprecated.js
  checksum: 2a379e43f7478d0b79e1e63af91fe222d83857727957df4bd3bdf3c0a884de5097b12feb9bbf530074526b8874c0338b0e6328cf334f3a5e2c49c71e837273f7
  languageName: node
  linkType: hard

"typescript@npm:^4.6.4":
  version: 4.6.4
  resolution: "typescript@npm:4.6.4"
  bin:
    tsc: bin/tsc
    tsserver: bin/tsserver
  checksum: e7bfcc39cd4571a63a54e5ea21f16b8445268b9900bf55aee0e02ad981be576acc140eba24f1af5e3c1457767c96cea6d12861768fb386cf3ffb34013718631a
  languageName: node
  linkType: hard

"typescript@patch:typescript@^4.6.4#~builtin<compat/typescript>":
  version: 4.6.4
  resolution: "typescript@patch:typescript@npm%3A4.6.4#~builtin<compat/typescript>::version=4.6.4&hash=bda367"
  bin:
    tsc: bin/tsc
    tsserver: bin/tsserver
  checksum: 1cb434fbc637d347be90e3a0c6cd05e33c38f941713c8786d3031faf1842c2c148ba91d2fac01e7276b0ae3249b8633f1660e32686cc7a8c6a8fd5361dc52c66
  languageName: node
  linkType: hard

"v8-compile-cache-lib@npm:^3.0.0":
  version: 3.0.1
  resolution: "v8-compile-cache-lib@npm:3.0.1"
  checksum: 78089ad549e21bcdbfca10c08850022b22024cdcc2da9b168bcf5a73a6ed7bf01a9cebb9eac28e03cd23a684d81e0502797e88f3ccd27a32aeab1cfc44c39da0
  languageName: node
  linkType: hard

"ws@npm:7.4.6":
  version: 7.4.6
  resolution: "ws@npm:7.4.6"
  peerDependencies:
    bufferutil: ^4.0.1
    utf-8-validate: ^5.0.2
  peerDependenciesMeta:
    bufferutil:
      optional: true
    utf-8-validate:
      optional: true
  checksum: 3a990b32ed08c72070d5e8913e14dfcd831919205be52a3ff0b4cdd998c8d554f167c9df3841605cde8b11d607768cacab3e823c58c96a5c08c987e093eb767a
  languageName: node
  linkType: hard

"yn@npm:3.1.1":
  version: 3.1.1
  resolution: "yn@npm:3.1.1"
  checksum: 2c487b0e149e746ef48cda9f8bad10fc83693cd69d7f9dcd8be4214e985de33a29c9e24f3c0d6bcf2288427040a8947406ab27f7af67ee9456e6b84854f02dd6
  languageName: node
  linkType: hard
